<?xml version="1.0" encoding="utf-8"?>
<Project ToolsVersion="17.0" xmlns="http://schemas.microsoft.com/developer/msbuild/2003">
  <ItemGroup>
    <ClCompile Include="C:\cszzzz\main.cpp">
      <Filter>Source Files</Filter>
    </ClCompile>
  </ItemGroup>
  <ItemGroup>
    <ClInclude Include="C:\cszzzz\ProcessMemory.h">
      <Filter>Header Files</Filter>
    </ClInclude>
    <ClInclude Include="C:\cszzzz\Offsets.h">
      <Filter>Header Files</Filter>
    </ClInclude>
    <ClInclude Include="C:\cszzzz\CS2Entities.h">
      <Filter>Header Files</Filter>
    </ClInclude>
    <ClInclude Include="C:\cszzzz\WorldToScreen.h">
      <Filter>Header Files</Filter>
    </ClInclude>
    <ClInclude Include="C:\cszzzz\PatternScanner.h">
      <Filter>Header Files</Filter>
    </ClInclude>
    <ClInclude Include="C:\cszzzz\EntityManager.h">
      <Filter>Header Files</Filter>
    </ClInclude>
    <ClInclude Include="C:\cszzzz\AimbotAdvanced.h">
      <Filter>Header Files</Filter>
    </ClInclude>
    <ClInclude Include="C:\cszzzz\MenuSystem.h">
      <Filter>Header Files</Filter>
    </ClInclude>
    <ClInclude Include="C:\cszzzz\ESPRenderer.h">
      <Filter>Header Files</Filter>
    </ClInclude>
    <ClInclude Include="C:\cszzzz\HUDRenderer.h">
      <Filter>Header Files</Filter>
    </ClInclude>
    <ClInclude Include="C:\cszzzz\PrimitivesRenderer.h">
      <Filter>Header Files</Filter>
    </ClInclude>
    <ClInclude Include="C:\cszzzz\FontRenderer.h">
      <Filter>Header Files</Filter>
    </ClInclude>
    <ClInclude Include="C:\cszzzz\Config.h">
      <Filter>Header Files</Filter>
    </ClInclude>
    <ClInclude Include="C:\cszzzz\Overlay.h">
      <Filter>Header Files</Filter>
    </ClInclude>
    <ClInclude Include="C:\cszzzz\ESP.h">
      <Filter>Header Files</Filter>
    </ClInclude>
    <ClInclude Include="C:\cszzzz\Aimbot.h">
      <Filter>Header Files</Filter>
    </ClInclude>
  </ItemGroup>
  <ItemGroup>
    <CustomBuild Include="C:\cszzzz\CMakeLists.txt" />
  </ItemGroup>
  <ItemGroup>
    <Filter Include="Header Files">
      <UniqueIdentifier>{D625F4EF-F211-39B0-B5DC-B735062DEF6D}</UniqueIdentifier>
    </Filter>
    <Filter Include="Source Files">
      <UniqueIdentifier>{9657A8AC-3129-3F78-9782-76972C531C48}</UniqueIdentifier>
    </Filter>
  </ItemGroup>
</Project>
